// !$*UTF8*$!
{
	archiveVersion = 1;
	classes = {
	};
	objectVersion = 46;
	objects = {

/* Begin PBXFileReference section */
		8943D7C61B1DBE780096E4B0 /* GnSDKEntourage.framework */ = {isa = PBXFileReference; lastKnownFileType = wrapper.framework; path = GnSDKEntourage.framework; sourceTree = "<group>"; };
		8943D7C71B1DBE900096E4B0 /* GnSDKEntourage.podspec */ = {isa = PBXFileReference; lastKnownFileType = text; path = GnSDKEntourage.podspec; sourceTree = "<group>"; };
/* End PBXFileReference section */

/* Begin PBXGroup section */
		8943D7BF1B1DBE5E0096E4B0 = {
			isa = PBXGroup;
			children = (
				8943D7C71B1DBE900096E4B0 /* GnSDKEntourage.podspec */,
				8943D7C61B1DBE780096E4B0 /* GnSDKEntourage.framework */,
			);
			sourceTree = "<group>";
		};
/* End PBXGroup section */

/* Begin PBXProject section */
		8943D7C01B1DBE5E0096E4B0 /* Project object */ = {
			isa = PBXProject;
			attributes = {
				LastUpgradeCheck = 0630;
			};
			buildConfigurationList = 8943D7C31B1DBE5E0096E4B0 /* Build configuration list for PBXProject "GnSDKEntourage" */;
			compatibilityVersion = "Xcode 3.2";
			developmentRegion = English;
			hasScannedForEncodings = 0;
			knownRegions = (
				en,
			);
			mainGroup = 8943D7BF1B1DBE5E0096E4B0;
			projectDirPath = "";
			projectRoot = "";
			targets = (
			);
		};
/* End PBXProject section */

/* Begin XCBuildConfiguration section */
		8943D7C41B1DBE5E0096E4B0 /* Debug */ = {
			isa = XCBuildConfiguration;
			buildSettings = {
			};
			name = Debug;
		};
		8943D7C51B1DBE5E0096E4B0 /* Release */ = {
			isa = XCBuildConfiguration;
			buildSettings = {
			};
			name = Release;
		};
/* End XCBuildConfiguration section */

/* Begin XCConfigurationList section */
		8943D7C31B1DBE5E0096E4B0 /* Build configuration list for PBXProject "GnSDKEntourage" */ = {
			isa = XCConfigurationList;
			buildConfigurations = (
				8943D7C41B1DBE5E0096E4B0 /* Debug */,
				8943D7C51B1DBE5E0096E4B0 /* Release */,
			);
			defaultConfigurationIsVisible = 0;
			defaultConfigurationName = Release;
		};
/* End XCConfigurationList section */
	};
	rootObject = 8943D7C01B1DBE5E0096E4B0 /* Project object */;
}
